
Microsoft Visual Studio Solution File, Format Version 12.00
# Visual Studio Version 17
VisualStudioVersion = 17.0.31903.59
MinimumVisualStudioVersion = 10.0.40219.1
Project("{FAE04EC0-301F-11D3-BF4B-00C04F79EFBC}") = "Testing-Template.Website", "Testing-Template.Website\Testing-Template.Website.csproj", "{895B2CA0-D1F4-43A7-9E37-692C8516EB7D}"
EndProject
Project("{FAE04EC0-301F-11D3-BF4B-00C04F79EFBC}") = "Testing-Template", "Testing-Template\Testing-Template.csproj", "{2FAEB224-A6AA-42D6-86FE-4291F37D8B31}"
EndProject
Global
	GlobalSection(SolutionConfigurationPlatforms) = preSolution
		Debug|Any CPU = Debug|Any CPU
		Release|Any CPU = Release|Any CPU
	EndGlobalSection
	GlobalSection(SolutionProperties) = preSolution
		HideSolutionNode = FALSE
	EndGlobalSection
	GlobalSection(ProjectConfigurationPlatforms) = postSolution
		{895B2CA0-D1F4-43A7-9E37-692C8516EB7D}.Debug|Any CPU.ActiveCfg = Debug|Any CPU
		{895B2CA0-D1F4-43A7-9E37-692C8516EB7D}.Debug|Any CPU.Build.0 = Debug|Any CPU
		{895B2CA0-D1F4-43A7-9E37-692C8516EB7D}.Release|Any CPU.ActiveCfg = Release|Any CPU
		{895B2CA0-D1F4-43A7-9E37-692C8516EB7D}.Release|Any CPU.Build.0 = Release|Any CPU
		{2FAEB224-A6AA-42D6-86FE-4291F37D8B31}.Debug|Any CPU.ActiveCfg = Debug|Any CPU
		{2FAEB224-A6AA-42D6-86FE-4291F37D8B31}.Debug|Any CPU.Build.0 = Debug|Any CPU
		{2FAEB224-A6AA-42D6-86FE-4291F37D8B31}.Release|Any CPU.ActiveCfg = Release|Any CPU
		{2FAEB224-A6AA-42D6-86FE-4291F37D8B31}.Release|Any CPU.Build.0 = Release|Any CPU
	EndGlobalSection
EndGlobal
