
Microsoft Visual Studio Solution File, Format Version 12.00
# Visual Studio Version 17
VisualStudioVersion = 17.0.31903.59
MinimumVisualStudioVersion = 10.0.40219.1
Project("{FAE04EC0-301F-11D3-BF4B-00C04F79EFBC}") = "Testing-Template.Website", "Testing-Template.Website\Testing-Template.Website.csproj", "{FEF715A5-E1A0-4163-9873-79B914981EE5}"
EndProject
Project("{FAE04EC0-301F-11D3-BF4B-00C04F79EFBC}") = "Testing-Template", "Testing-Template\Testing-Template.csproj", "{24AE82CD-EC8F-472A-A9E5-D3DC8A738600}"
EndProject
Global
	GlobalSection(SolutionConfigurationPlatforms) = preSolution
		Debug|Any CPU = Debug|Any CPU
		Release|Any CPU = Release|Any CPU
	EndGlobalSection
	GlobalSection(SolutionProperties) = preSolution
		HideSolutionNode = FALSE
	EndGlobalSection
	GlobalSection(ProjectConfigurationPlatforms) = postSolution
		{FEF715A5-E1A0-4163-9873-79B914981EE5}.Debug|Any CPU.ActiveCfg = Debug|Any CPU
		{FEF715A5-E1A0-4163-9873-79B914981EE5}.Debug|Any CPU.Build.0 = Debug|Any CPU
		{FEF715A5-E1A0-4163-9873-79B914981EE5}.Release|Any CPU.ActiveCfg = Release|Any CPU
		{FEF715A5-E1A0-4163-9873-79B914981EE5}.Release|Any CPU.Build.0 = Release|Any CPU
		{24AE82CD-EC8F-472A-A9E5-D3DC8A738600}.Debug|Any CPU.ActiveCfg = Debug|Any CPU
		{24AE82CD-EC8F-472A-A9E5-D3DC8A738600}.Debug|Any CPU.Build.0 = Debug|Any CPU
		{24AE82CD-EC8F-472A-A9E5-D3DC8A738600}.Release|Any CPU.ActiveCfg = Release|Any CPU
		{24AE82CD-EC8F-472A-A9E5-D3DC8A738600}.Release|Any CPU.Build.0 = Release|Any CPU
	EndGlobalSection
EndGlobal
